
Microsoft Visual Studio Solution File, Format Version 12.00
# Visual Studio Version 16
VisualStudioVersion = 16.0.810.23
MinimumVisualStudioVersion = 10.0.40219.1
Project("{FAE04EC0-301F-11D3-BF4B-00C04F79EFBC}") = "cryptoMACDBot", "cryptoMACDBot\cryptoMACDBot.csproj", "{4BA67F86-2FEF-4109-BD45-9AD2C32EFF9E}"
EndProject
Project("{FAE04EC0-301F-11D3-BF4B-00C04F79EFBC}") = "cryptoMACDBotNUnitTests", "cryptoMACDBotNUnitTests\cryptoMACDBotNUnitTests.csproj", "{F07D2038-BC09-46DC-A269-2029E2AB050B}"
EndProject
Global
	GlobalSection(SolutionConfigurationPlatforms) = preSolution
		Debug|Any CPU = Debug|Any CPU
		Release|Any CPU = Release|Any CPU
	EndGlobalSection
	GlobalSection(ProjectConfigurationPlatforms) = postSolution
		{4BA67F86-2FEF-4109-BD45-9AD2C32EFF9E}.Debug|Any CPU.ActiveCfg = Debug|Any CPU
		{4BA67F86-2FEF-4109-BD45-9AD2C32EFF9E}.Debug|Any CPU.Build.0 = Debug|Any CPU
		{4BA67F86-2FEF-4109-BD45-9AD2C32EFF9E}.Release|Any CPU.ActiveCfg = Release|Any CPU
		{4BA67F86-2FEF-4109-BD45-9AD2C32EFF9E}.Release|Any CPU.Build.0 = Release|Any CPU
		{F07D2038-BC09-46DC-A269-2029E2AB050B}.Debug|Any CPU.ActiveCfg = Debug|Any CPU
		{F07D2038-BC09-46DC-A269-2029E2AB050B}.Debug|Any CPU.Build.0 = Debug|Any CPU
		{F07D2038-BC09-46DC-A269-2029E2AB050B}.Release|Any CPU.ActiveCfg = Release|Any CPU
		{F07D2038-BC09-46DC-A269-2029E2AB050B}.Release|Any CPU.Build.0 = Release|Any CPU
	EndGlobalSection
	GlobalSection(SolutionProperties) = preSolution
		HideSolutionNode = FALSE
	EndGlobalSection
	GlobalSection(ExtensibilityGlobals) = postSolution
		SolutionGuid = {A680EDC0-14D7-4F53-8589-1DFBF1B84897}
	EndGlobalSection
EndGlobal
